
Microsoft Visual Studio Solution File, Format Version 12.00
# Visual Studio 15
VisualStudioVersion = 15.0.28307.271
MinimumVisualStudioVersion = 10.0.40219.1
Project("{9A19103F-16F7-4668-BE54-9A1E7A4F7556}") = "MiamBot", "MiamBot\MiamBot.csproj", "{050E22C2-8EF9-4FAE-B063-24B72D532806}"
EndProject
Global
	GlobalSection(SolutionConfigurationPlatforms) = preSolution
		Debug|Any CPU = Debug|Any CPU
		Release|Any CPU = Release|Any CPU
	EndGlobalSection
	GlobalSection(ProjectConfigurationPlatforms) = postSolution
		{050E22C2-8EF9-4FAE-B063-24B72D532806}.Debug|Any CPU.ActiveCfg = Debug|Any CPU
		{050E22C2-8EF9-4FAE-B063-24B72D532806}.Debug|Any CPU.Build.0 = Debug|Any CPU
		{050E22C2-8EF9-4FAE-B063-24B72D532806}.Release|Any CPU.ActiveCfg = Release|Any CPU
		{050E22C2-8EF9-4FAE-B063-24B72D532806}.Release|Any CPU.Build.0 = Release|Any CPU
	EndGlobalSection
	GlobalSection(SolutionProperties) = preSolution
		HideSolutionNode = FALSE
	EndGlobalSection
	GlobalSection(ExtensibilityGlobals) = postSolution
		SolutionGuid = {67B04217-4D29-4252-859B-48D53ED458F4}
	EndGlobalSection
EndGlobal
